
Microsoft Visual Studio Solution File, Format Version 12.00
# Visual Studio Version 17
VisualStudioVersion = 17.5.33414.496
MinimumVisualStudioVersion = 10.0.40219.1
Project("{FAE04EC0-301F-11D3-BF4B-00C04F79EFBC}") = "HSF_scratch", "HSF_scratch.csproj", "{D5EC8E6A-EF5C-41FE-BD20-AE14146EACB8}"
EndProject
Global
	GlobalSection(SolutionConfigurationPlatforms) = preSolution
		Debug|x86 = Debug|x86
		Release|x86 = Release|x86
	EndGlobalSection
	GlobalSection(ProjectConfigurationPlatforms) = postSolution
		{D5EC8E6A-EF5C-41FE-BD20-AE14146EACB8}.Debug|x86.ActiveCfg = Debug|x86
		{D5EC8E6A-EF5C-41FE-BD20-AE14146EACB8}.Debug|x86.Build.0 = Debug|x86
		{D5EC8E6A-EF5C-41FE-BD20-AE14146EACB8}.Release|x86.ActiveCfg = Release|x86
		{D5EC8E6A-EF5C-41FE-BD20-AE14146EACB8}.Release|x86.Build.0 = Release|x86
	EndGlobalSection
	GlobalSection(SolutionProperties) = preSolution
		HideSolutionNode = FALSE
	EndGlobalSection
	GlobalSection(ExtensibilityGlobals) = postSolution
		SolutionGuid = {8B581F3F-CD84-4F52-A5B4-28E10C4B3768}
	EndGlobalSection
EndGlobal
